
Microsoft Visual Studio Solution File, Format Version 12.00
Project("{2150E333-8FDC-42A3-9474-1A3956D46DE8}") = "Services", "Services", "{DA973556-4D60-4EF1-A896-A52F78B12346}"
EndProject
Project("{2150E333-8FDC-42A3-9474-1A3956D46DE8}") = "Catalog", "Catalog", "{5965484C-64F3-4CA5-B4B4-EFC9EE8AB43F}"
EndProject
Project("{FAE04EC0-301F-11D3-BF4B-00C04F79EFBC}") = "Catalog.API", "Services\Catalog\Catalog.API\Catalog.API.csproj", "{C6C2329D-9E6F-46B2-A2CE-194E0C1C3B80}"
EndProject
Project("{2150E333-8FDC-42A3-9474-1A3956D46DE8}") = "Basket", "Basket", "{C24BB619-5526-4003-BDA9-95DCD1C948BC}"
EndProject
Project("{FAE04EC0-301F-11D3-BF4B-00C04F79EFBC}") = "Basket.API", "Services\Basket\Basket.API\Basket.API.csproj", "{047A8451-19B8-4336-B743-F90A654B75FE}"
EndProject
Project("{FAE04EC0-301F-11D3-BF4B-00C04F79EFBC}") = "Discount.API", "Services\Discount\Discount.API\Discount.API.csproj", "{23183C1E-AEB1-44A9-86C7-F667DC345648}"
EndProject
Project("{2150E333-8FDC-42A3-9474-1A3956D46DE8}") = "Discount", "Discount", "{43AD53CA-3C4F-4CBA-8804-B068EBE577B0}"
EndProject
Project("{FAE04EC0-301F-11D3-BF4B-00C04F79EFBC}") = "Discount.Grpc", "Services\Discount\Discount.Grpc\Discount.Grpc.csproj", "{96899596-4A55-468E-A15F-D412D4ADEFC7}"
EndProject
Project("{2150E333-8FDC-42A3-9474-1A3956D46DE8}") = "Ordering", "Ordering", "{5987C233-7386-4AF7-8095-9EE24112DAA4}"
EndProject
Project("{FAE04EC0-301F-11D3-BF4B-00C04F79EFBC}") = "Ordering.API", "Services\Ordering\Ordering.API\Ordering.API.csproj", "{CB3CCF31-533B-489A-BBB4-5EB0BB646B6D}"
EndProject
Project("{FAE04EC0-301F-11D3-BF4B-00C04F79EFBC}") = "Ordering.Domain", "Services\Ordering\Ordering.Domain\Ordering.Domain.csproj", "{6BA19F0D-22A2-4F26-A5D5-A23EF9678B36}"
EndProject
Project("{FAE04EC0-301F-11D3-BF4B-00C04F79EFBC}") = "Ordering.Application", "Services\Ordering\Ordering.Application\Ordering.Application.csproj", "{79413173-2CD5-4A1C-9B48-D4543E6A2DF8}"
EndProject
Project("{FAE04EC0-301F-11D3-BF4B-00C04F79EFBC}") = "Ordering.Infrastructure", "Services\Ordering\Ordering.Infrastructure\Ordering.Infrastructure.csproj", "{D6505740-6FB0-49AB-A077-C03DCF7663E3}"
EndProject
Global
	GlobalSection(SolutionConfigurationPlatforms) = preSolution
		Debug|Any CPU = Debug|Any CPU
		Release|Any CPU = Release|Any CPU
	EndGlobalSection
	GlobalSection(NestedProjects) = preSolution
		{5965484C-64F3-4CA5-B4B4-EFC9EE8AB43F} = {DA973556-4D60-4EF1-A896-A52F78B12346}
		{C6C2329D-9E6F-46B2-A2CE-194E0C1C3B80} = {5965484C-64F3-4CA5-B4B4-EFC9EE8AB43F}
		{C24BB619-5526-4003-BDA9-95DCD1C948BC} = {DA973556-4D60-4EF1-A896-A52F78B12346}
		{047A8451-19B8-4336-B743-F90A654B75FE} = {C24BB619-5526-4003-BDA9-95DCD1C948BC}
		{43AD53CA-3C4F-4CBA-8804-B068EBE577B0} = {DA973556-4D60-4EF1-A896-A52F78B12346}
		{23183C1E-AEB1-44A9-86C7-F667DC345648} = {43AD53CA-3C4F-4CBA-8804-B068EBE577B0}
		{96899596-4A55-468E-A15F-D412D4ADEFC7} = {43AD53CA-3C4F-4CBA-8804-B068EBE577B0}
		{5987C233-7386-4AF7-8095-9EE24112DAA4} = {DA973556-4D60-4EF1-A896-A52F78B12346}
		{CB3CCF31-533B-489A-BBB4-5EB0BB646B6D} = {5987C233-7386-4AF7-8095-9EE24112DAA4}
		{6BA19F0D-22A2-4F26-A5D5-A23EF9678B36} = {5987C233-7386-4AF7-8095-9EE24112DAA4}
		{79413173-2CD5-4A1C-9B48-D4543E6A2DF8} = {5987C233-7386-4AF7-8095-9EE24112DAA4}
		{D6505740-6FB0-49AB-A077-C03DCF7663E3} = {5987C233-7386-4AF7-8095-9EE24112DAA4}
	EndGlobalSection
	GlobalSection(ProjectConfigurationPlatforms) = postSolution
		{C6C2329D-9E6F-46B2-A2CE-194E0C1C3B80}.Debug|Any CPU.ActiveCfg = Debug|Any CPU
		{C6C2329D-9E6F-46B2-A2CE-194E0C1C3B80}.Debug|Any CPU.Build.0 = Debug|Any CPU
		{C6C2329D-9E6F-46B2-A2CE-194E0C1C3B80}.Release|Any CPU.ActiveCfg = Release|Any CPU
		{C6C2329D-9E6F-46B2-A2CE-194E0C1C3B80}.Release|Any CPU.Build.0 = Release|Any CPU
		{047A8451-19B8-4336-B743-F90A654B75FE}.Debug|Any CPU.ActiveCfg = Debug|Any CPU
		{047A8451-19B8-4336-B743-F90A654B75FE}.Debug|Any CPU.Build.0 = Debug|Any CPU
		{047A8451-19B8-4336-B743-F90A654B75FE}.Release|Any CPU.ActiveCfg = Release|Any CPU
		{047A8451-19B8-4336-B743-F90A654B75FE}.Release|Any CPU.Build.0 = Release|Any CPU
		{23183C1E-AEB1-44A9-86C7-F667DC345648}.Debug|Any CPU.ActiveCfg = Debug|Any CPU
		{23183C1E-AEB1-44A9-86C7-F667DC345648}.Debug|Any CPU.Build.0 = Debug|Any CPU
		{23183C1E-AEB1-44A9-86C7-F667DC345648}.Release|Any CPU.ActiveCfg = Release|Any CPU
		{23183C1E-AEB1-44A9-86C7-F667DC345648}.Release|Any CPU.Build.0 = Release|Any CPU
		{96899596-4A55-468E-A15F-D412D4ADEFC7}.Debug|Any CPU.ActiveCfg = Debug|Any CPU
		{96899596-4A55-468E-A15F-D412D4ADEFC7}.Debug|Any CPU.Build.0 = Debug|Any CPU
		{96899596-4A55-468E-A15F-D412D4ADEFC7}.Release|Any CPU.ActiveCfg = Release|Any CPU
		{96899596-4A55-468E-A15F-D412D4ADEFC7}.Release|Any CPU.Build.0 = Release|Any CPU
		{CB3CCF31-533B-489A-BBB4-5EB0BB646B6D}.Debug|Any CPU.ActiveCfg = Debug|Any CPU
		{CB3CCF31-533B-489A-BBB4-5EB0BB646B6D}.Debug|Any CPU.Build.0 = Debug|Any CPU
		{CB3CCF31-533B-489A-BBB4-5EB0BB646B6D}.Release|Any CPU.ActiveCfg = Release|Any CPU
		{CB3CCF31-533B-489A-BBB4-5EB0BB646B6D}.Release|Any CPU.Build.0 = Release|Any CPU
		{6BA19F0D-22A2-4F26-A5D5-A23EF9678B36}.Debug|Any CPU.ActiveCfg = Debug|Any CPU
		{6BA19F0D-22A2-4F26-A5D5-A23EF9678B36}.Debug|Any CPU.Build.0 = Debug|Any CPU
		{6BA19F0D-22A2-4F26-A5D5-A23EF9678B36}.Release|Any CPU.ActiveCfg = Release|Any CPU
		{6BA19F0D-22A2-4F26-A5D5-A23EF9678B36}.Release|Any CPU.Build.0 = Release|Any CPU
		{79413173-2CD5-4A1C-9B48-D4543E6A2DF8}.Debug|Any CPU.ActiveCfg = Debug|Any CPU
		{79413173-2CD5-4A1C-9B48-D4543E6A2DF8}.Debug|Any CPU.Build.0 = Debug|Any CPU
		{79413173-2CD5-4A1C-9B48-D4543E6A2DF8}.Release|Any CPU.ActiveCfg = Release|Any CPU
		{79413173-2CD5-4A1C-9B48-D4543E6A2DF8}.Release|Any CPU.Build.0 = Release|Any CPU
		{D6505740-6FB0-49AB-A077-C03DCF7663E3}.Debug|Any CPU.ActiveCfg = Debug|Any CPU
		{D6505740-6FB0-49AB-A077-C03DCF7663E3}.Debug|Any CPU.Build.0 = Debug|Any CPU
		{D6505740-6FB0-49AB-A077-C03DCF7663E3}.Release|Any CPU.ActiveCfg = Release|Any CPU
		{D6505740-6FB0-49AB-A077-C03DCF7663E3}.Release|Any CPU.Build.0 = Release|Any CPU
	EndGlobalSection
EndGlobal
